{
  "name": "gen_pub_priv_keys",
  "version": "1.0.0",
  "lockfileVersion": 3,
  "requires": true,
  "packages": {
    "": {
      "name": "gen_pub_priv_keys",
      "version": "1.0.0",
      "license": "ISC",
      "dependencies": {
        "@noble/ed25519": "^2.2.3",
        "typescript": "^5.8.2"
      }
    },
    "node_modules/@noble/ed25519": {
      "version": "2.2.3",
      "resolved": "https://registry.npmjs.org/@noble/ed25519/-/ed25519-2.2.3.tgz",
      "integrity": "sha512-iHV8eI2mRcUmOx159QNrU8vTpQ/Xm70yJ2cTk3Trc86++02usfqFoNl6x0p3JN81ZDS/1gx6xiK0OwrgqCT43g==",
      "license": "MIT",
      "funding": {
        "url": "https://paulmillr.com/funding/"
      }
    },
    "node_modules/typescript": {
      "version": "5.8.2",
      "resolved": "https://registry.npmjs.org/typescript/-/typescript-5.8.2.tgz",
      "integrity": "sha512-aJn6wq13/afZp/jT9QZmwEjDqqvSGp1VT5GVg+f/t6/oVyrgXM6BY1h9BRh/O5p3PlUPAe+WuiEZOmb/49RqoQ==",
      "license": "Apache-2.0",
      "bin": {
        "tsc": "bin/tsc",
        "tsserver": "bin/tsserver"
      },
      "engines": {
        "node": ">=14.17"
      }
    }
  }
}
